
Microsoft Visual Studio Solution File, Format Version 12.00
# Visual Studio Version 16
VisualStudioVersion = 16.0.31515.178
MinimumVisualStudioVersion = 10.0.40219.1
Project("{2150E333-8FDC-42A3-9474-1A3956D46DE8}") = "src", "src", "{23169868-5DDD-4AED-834C-8746C309FA70}"
EndProject
Project("{FAE04EC0-301F-11D3-BF4B-00C04F79EFBC}") = "Estudos.WebApi.CatalogoJogos", "src\Estudos.WebApi.CatalogoJogos\Estudos.WebApi.CatalogoJogos.csproj", "{F01683A6-5A7F-4608-8A92-6DBC2D34ECEC}"
EndProject
Global
	GlobalSection(SolutionConfigurationPlatforms) = preSolution
		Debug|Any CPU = Debug|Any CPU
		Release|Any CPU = Release|Any CPU
	EndGlobalSection
	GlobalSection(ProjectConfigurationPlatforms) = postSolution
		{F01683A6-5A7F-4608-8A92-6DBC2D34ECEC}.Debug|Any CPU.ActiveCfg = Debug|Any CPU
		{F01683A6-5A7F-4608-8A92-6DBC2D34ECEC}.Debug|Any CPU.Build.0 = Debug|Any CPU
		{F01683A6-5A7F-4608-8A92-6DBC2D34ECEC}.Release|Any CPU.ActiveCfg = Release|Any CPU
		{F01683A6-5A7F-4608-8A92-6DBC2D34ECEC}.Release|Any CPU.Build.0 = Release|Any CPU
	EndGlobalSection
	GlobalSection(SolutionProperties) = preSolution
		HideSolutionNode = FALSE
	EndGlobalSection
	GlobalSection(NestedProjects) = preSolution
		{F01683A6-5A7F-4608-8A92-6DBC2D34ECEC} = {23169868-5DDD-4AED-834C-8746C309FA70}
	EndGlobalSection
	GlobalSection(ExtensibilityGlobals) = postSolution
		SolutionGuid = {760E699A-370E-4DE2-AF5B-0DCE01DE3148}
	EndGlobalSection
EndGlobal
